
Microsoft Visual Studio Solution File, Format Version 12.00
# Visual Studio Version 17
VisualStudioVersion = 17.2.32630.192
MinimumVisualStudioVersion = 10.0.40219.1
Project("{9A19103F-16F7-4668-BE54-9A1E7A4F7556}") = "Benchmark", "Benchmark\Benchmark.csproj", "{56BAE7DB-411B-4C4C-B0DC-D29CC60F24B2}"
EndProject
Project("{2150E333-8FDC-42A3-9474-1A3956D46DE8}") = "test", "test", "{6C369E3B-3AC3-484A-A7AB-451C19C6EB86}"
EndProject
Project("{2150E333-8FDC-42A3-9474-1A3956D46DE8}") = "src", "src", "{36317AD6-F5F5-449A-AA77-712D865B70CB}"
EndProject
Project("{2150E333-8FDC-42A3-9474-1A3956D46DE8}") = "perf", "perf", "{69B6C676-0C0F-4B0C-903C-2DF81F9DC858}"
EndProject
Project("{2150E333-8FDC-42A3-9474-1A3956D46DE8}") = "Solution Items", "Solution Items", "{458D0BF3-0718-4259-8F2D-CB7FB5CE37E0}"
	ProjectSection(SolutionItems) = preProject
		.github\workflows\dotnet.yml = .github\workflows\dotnet.yml
		README.md = README.md
	EndProjectSection
EndProject
Project("{9A19103F-16F7-4668-BE54-9A1E7A4F7556}") = "LightRest", "src\LightRest\LightRest.csproj", "{B421D370-7349-4BD2-A834-3FBB31033B54}"
EndProject
Project("{9A19103F-16F7-4668-BE54-9A1E7A4F7556}") = "LightRest.Testing.Api", "test\LightRest.Testing.Api\LightRest.Testing.Api.csproj", "{EDC5E279-2DDF-4E1D-AD54-B4472535DEEC}"
EndProject
Project("{9A19103F-16F7-4668-BE54-9A1E7A4F7556}") = "LightRest.Test", "test\LightRest.Test\LightRest.Test.csproj", "{8AC28923-408E-44FC-91AB-5791B090596D}"
EndProject
Project("{FAE04EC0-301F-11D3-BF4B-00C04F79EFBC}") = "Request.Api", "Request.Api\Request.Api.csproj", "{FD2C1EF0-68D9-419F-9D19-8286F8F14EA0}"
EndProject
Project("{FAE04EC0-301F-11D3-BF4B-00C04F79EFBC}") = "Benchmark.Common", "Benchmark.Common\Benchmark.Common.csproj", "{89383724-2A97-4196-B09B-0C65389DD717}"
EndProject
Global
	GlobalSection(SolutionConfigurationPlatforms) = preSolution
		Debug|Any CPU = Debug|Any CPU
		Release|Any CPU = Release|Any CPU
	EndGlobalSection
	GlobalSection(ProjectConfigurationPlatforms) = postSolution
		{56BAE7DB-411B-4C4C-B0DC-D29CC60F24B2}.Debug|Any CPU.ActiveCfg = Debug|Any CPU
		{56BAE7DB-411B-4C4C-B0DC-D29CC60F24B2}.Debug|Any CPU.Build.0 = Debug|Any CPU
		{56BAE7DB-411B-4C4C-B0DC-D29CC60F24B2}.Release|Any CPU.ActiveCfg = Release|Any CPU
		{56BAE7DB-411B-4C4C-B0DC-D29CC60F24B2}.Release|Any CPU.Build.0 = Release|Any CPU
		{B421D370-7349-4BD2-A834-3FBB31033B54}.Debug|Any CPU.ActiveCfg = Debug|Any CPU
		{B421D370-7349-4BD2-A834-3FBB31033B54}.Debug|Any CPU.Build.0 = Debug|Any CPU
		{B421D370-7349-4BD2-A834-3FBB31033B54}.Release|Any CPU.ActiveCfg = Release|Any CPU
		{B421D370-7349-4BD2-A834-3FBB31033B54}.Release|Any CPU.Build.0 = Release|Any CPU
		{EDC5E279-2DDF-4E1D-AD54-B4472535DEEC}.Debug|Any CPU.ActiveCfg = Debug|Any CPU
		{EDC5E279-2DDF-4E1D-AD54-B4472535DEEC}.Debug|Any CPU.Build.0 = Debug|Any CPU
		{EDC5E279-2DDF-4E1D-AD54-B4472535DEEC}.Release|Any CPU.ActiveCfg = Release|Any CPU
		{EDC5E279-2DDF-4E1D-AD54-B4472535DEEC}.Release|Any CPU.Build.0 = Release|Any CPU
		{8AC28923-408E-44FC-91AB-5791B090596D}.Debug|Any CPU.ActiveCfg = Debug|Any CPU
		{8AC28923-408E-44FC-91AB-5791B090596D}.Debug|Any CPU.Build.0 = Debug|Any CPU
		{8AC28923-408E-44FC-91AB-5791B090596D}.Release|Any CPU.ActiveCfg = Release|Any CPU
		{8AC28923-408E-44FC-91AB-5791B090596D}.Release|Any CPU.Build.0 = Release|Any CPU
		{FD2C1EF0-68D9-419F-9D19-8286F8F14EA0}.Debug|Any CPU.ActiveCfg = Debug|Any CPU
		{FD2C1EF0-68D9-419F-9D19-8286F8F14EA0}.Debug|Any CPU.Build.0 = Debug|Any CPU
		{FD2C1EF0-68D9-419F-9D19-8286F8F14EA0}.Release|Any CPU.ActiveCfg = Release|Any CPU
		{FD2C1EF0-68D9-419F-9D19-8286F8F14EA0}.Release|Any CPU.Build.0 = Release|Any CPU
		{89383724-2A97-4196-B09B-0C65389DD717}.Debug|Any CPU.ActiveCfg = Debug|Any CPU
		{89383724-2A97-4196-B09B-0C65389DD717}.Debug|Any CPU.Build.0 = Debug|Any CPU
		{89383724-2A97-4196-B09B-0C65389DD717}.Release|Any CPU.ActiveCfg = Release|Any CPU
		{89383724-2A97-4196-B09B-0C65389DD717}.Release|Any CPU.Build.0 = Release|Any CPU
	EndGlobalSection
	GlobalSection(SolutionProperties) = preSolution
		HideSolutionNode = FALSE
	EndGlobalSection
	GlobalSection(NestedProjects) = preSolution
		{56BAE7DB-411B-4C4C-B0DC-D29CC60F24B2} = {69B6C676-0C0F-4B0C-903C-2DF81F9DC858}
		{B421D370-7349-4BD2-A834-3FBB31033B54} = {36317AD6-F5F5-449A-AA77-712D865B70CB}
		{EDC5E279-2DDF-4E1D-AD54-B4472535DEEC} = {6C369E3B-3AC3-484A-A7AB-451C19C6EB86}
		{8AC28923-408E-44FC-91AB-5791B090596D} = {6C369E3B-3AC3-484A-A7AB-451C19C6EB86}
		{FD2C1EF0-68D9-419F-9D19-8286F8F14EA0} = {69B6C676-0C0F-4B0C-903C-2DF81F9DC858}
		{89383724-2A97-4196-B09B-0C65389DD717} = {69B6C676-0C0F-4B0C-903C-2DF81F9DC858}
	EndGlobalSection
	GlobalSection(ExtensibilityGlobals) = postSolution
		SolutionGuid = {4A03C885-89E5-4217-8FF3-40D5083D4082}
	EndGlobalSection
EndGlobal
